// !$*UTF8*$!
{
	archiveVersion = 1;
	classes = {
	};
	objectVersion = 46;
	objects = {

/* Begin PBXBuildFile section */
		916B1D081F61ABD70044041A /* AppDelegate.swift in Sources */ = {isa = PBXBuildFile; fileRef = 916B1D071F61ABD70044041A /* AppDelegate.swift */; };
		916B1D0A1F61ABD70044041A /* ViewController.swift in Sources */ = {isa = PBXBuildFile; fileRef = 916B1D091F61ABD70044041A /* ViewController.swift */; };
		916B1D0D1F61ABD70044041A /* Main.storyboard in Resources */ = {isa = PBXBuildFile; fileRef = 916B1D0B1F61ABD70044041A /* Main.storyboard */; };
		916B1D101F61ABD70044041A /* PHPConectionWithPostDataSpike.xcdatamodeld in Sources */ = {isa = PBXBuildFile; fileRef = 916B1D0E1F61ABD70044041A /* PHPConectionWithPostDataSpike.xcdatamodeld */; };
		916B1D121F61ABD70044041A /* Assets.xcassets in Resources */ = {isa = PBXBuildFile; fileRef = 916B1D111F61ABD70044041A /* Assets.xcassets */; };
		916B1D151F61ABD70044041A /* LaunchScreen.storyboard in Resources */ = {isa = PBXBuildFile; fileRef = 916B1D131F61ABD70044041A /* LaunchScreen.storyboard */; };
		916B1D201F61ABD80044041A /* PHPConectionWithPostDataSpikeTests.swift in Sources */ = {isa = PBXBuildFile; fileRef = 916B1D1F1F61ABD80044041A /* PHPConectionWithPostDataSpikeTests.swift */; };
		916B1D2B1F61AC4C0044041A /* DatabaseHandler.swift in Sources */ = {isa = PBXBuildFile; fileRef = 916B1D2A1F61AC4C0044041A /* DatabaseHandler.swift */; };
/* End PBXBuildFile section */

/* Begin PBXContainerItemProxy section */
		916B1D1C1F61ABD80044041A /* PBXContainerItemProxy */ = {
			isa = PBXContainerItemProxy;
			containerPortal = 916B1CFC1F61ABD70044041A /* Project object */;
			proxyType = 1;
			remoteGlobalIDString = 916B1D031F61ABD70044041A;
			remoteInfo = PHPConectionWithPostDataSpike;
		};
/* End PBXContainerItemProxy section */

/* Begin PBXFileReference section */
		916B1D041F61ABD70044041A /* PHPConectionWithPostDataSpike.app */ = {isa = PBXFileReference; explicitFileType = wrapper.application; includeInIndex = 0; path = PHPConectionWithPostDataSpike.app; sourceTree = BUILT_PRODUCTS_DIR; };
		916B1D071F61ABD70044041A /* AppDelegate.swift */ = {isa = PBXFileReference; lastKnownFileType = sourcecode.swift; path = AppDelegate.swift; sourceTree = "<group>"; };
		916B1D091F61ABD70044041A /* ViewController.swift */ = {isa = PBXFileReference; lastKnownFileType = sourcecode.swift; path = ViewController.swift; sourceTree = "<group>"; };
		916B1D0C1F61ABD70044041A /* Base */ = {isa = PBXFileReference; lastKnownFileType = file.storyboard; name = Base; path = Base.lproj/Main.storyboard; sourceTree = "<group>"; };
		916B1D0F1F61ABD70044041A /* PHPConectionWithPostDataSpike.xcdatamodel */ = {isa = PBXFileReference; lastKnownFileType = wrapper.xcdatamodel; path = PHPConectionWithPostDataSpike.xcdatamodel; sourceTree = "<group>"; };
		916B1D111F61ABD70044041A /* Assets.xcassets */ = {isa = PBXFileReference; lastKnownFileType = folder.assetcatalog; path = Assets.xcassets; sourceTree = "<group>"; };
		916B1D141F61ABD70044041A /* Base */ = {isa = PBXFileReference; lastKnownFileType = file.storyboard; name = Base; path = Base.lproj/LaunchScreen.storyboard; sourceTree = "<group>"; };
		916B1D161F61ABD70044041A /* Info.plist */ = {isa = PBXFileReference; lastKnownFileType = text.plist.xml; path = Info.plist; sourceTree = "<group>"; };
		916B1D1B1F61ABD80044041A /* PHPConectionWithPostDataSpikeTests.xctest */ = {isa = PBXFileReference; explicitFileType = wrapper.cfbundle; includeInIndex = 0; path = PHPConectionWithPostDataSpikeTests.xctest; sourceTree = BUILT_PRODUCTS_DIR; };
		916B1D1F1F61ABD80044041A /* PHPConectionWithPostDataSpikeTests.swift */ = {isa = PBXFileReference; lastKnownFileType = sourcecode.swift; path = PHPConectionWithPostDataSpikeTests.swift; sourceTree = "<group>"; };
		916B1D211F61ABD80044041A /* Info.plist */ = {isa = PBXFileReference; lastKnownFileType = text.plist.xml; path = Info.plist; sourceTree = "<group>"; };
		916B1D2A1F61AC4C0044041A /* DatabaseHandler.swift */ = {isa = PBXFileReference; fileEncoding = 4; lastKnownFileType = sourcecode.swift; name = DatabaseHandler.swift; path = ../DatabaseHandler.swift; sourceTree = "<group>"; };
/* End PBXFileReference section */

/* Begin PBXFrameworksBuildPhase section */
		916B1D011F61ABD70044041A /* Frameworks */ = {
			isa = PBXFrameworksBuildPhase;
			buildActionMask = 2147483647;
			files = (
			);
			runOnlyForDeploymentPostprocessing = 0;
		};
		916B1D181F61ABD80044041A /* Frameworks */ = {
			isa = PBXFrameworksBuildPhase;
			buildActionMask = 2147483647;
			files = (
			);
			runOnlyForDeploymentPostprocessing = 0;
		};
/* End PBXFrameworksBuildPhase section */

/* Begin PBXGroup section */
		916B1CFB1F61ABD70044041A = {
			isa = PBXGroup;
			children = (
				916B1D061F61ABD70044041A /* PHPConectionWithPostDataSpike */,
				916B1D1E1F61ABD80044041A /* PHPConectionWithPostDataSpikeTests */,
				916B1D051F61ABD70044041A /* Products */,
			);
			sourceTree = "<group>";
		};
		916B1D051F61ABD70044041A /* Products */ = {
			isa = PBXGroup;
			children = (
				916B1D041F61ABD70044041A /* PHPConectionWithPostDataSpike.app */,
				916B1D1B1F61ABD80044041A /* PHPConectionWithPostDataSpikeTests.xctest */,
			);
			name = Products;
			sourceTree = "<group>";
		};
		916B1D061F61ABD70044041A /* PHPConectionWithPostDataSpike */ = {
			isa = PBXGroup;
			children = (
				916B1D2A1F61AC4C0044041A /* DatabaseHandler.swift */,
				916B1D071F61ABD70044041A /* AppDelegate.swift */,
				916B1D091F61ABD70044041A /* ViewController.swift */,
				916B1D0B1F61ABD70044041A /* Main.storyboard */,
				916B1D111F61ABD70044041A /* Assets.xcassets */,
				916B1D131F61ABD70044041A /* LaunchScreen.storyboard */,
				916B1D161F61ABD70044041A /* Info.plist */,
				916B1D0E1F61ABD70044041A /* PHPConectionWithPostDataSpike.xcdatamodeld */,
			);
			path = PHPConectionWithPostDataSpike;
			sourceTree = "<group>";
		};
		916B1D1E1F61ABD80044041A /* PHPConectionWithPostDataSpikeTests */ = {
			isa = PBXGroup;
			children = (
				916B1D1F1F61ABD80044041A /* PHPConectionWithPostDataSpikeTests.swift */,
				916B1D211F61ABD80044041A /* Info.plist */,
			);
			path = PHPConectionWithPostDataSpikeTests;
			sourceTree = "<group>";
		};
/* End PBXGroup section */

/* Begin PBXNativeTarget section */
		916B1D031F61ABD70044041A /* PHPConectionWithPostDataSpike */ = {
			isa = PBXNativeTarget;
			buildConfigurationList = 916B1D241F61ABD80044041A /* Build configuration list for PBXNativeTarget "PHPConectionWithPostDataSpike" */;
			buildPhases = (
				916B1D001F61ABD70044041A /* Sources */,
				916B1D011F61ABD70044041A /* Frameworks */,
				916B1D021F61ABD70044041A /* Resources */,
			);
			buildRules = (
			);
			dependencies = (
			);
			name = PHPConectionWithPostDataSpike;
			productName = PHPConectionWithPostDataSpike;
			productReference = 916B1D041F61ABD70044041A /* PHPConectionWithPostDataSpike.app */;
			productType = "com.apple.product-type.application";
		};
		916B1D1A1F61ABD80044041A /* PHPConectionWithPostDataSpikeTests */ = {
			isa = PBXNativeTarget;
			buildConfigurationList = 916B1D271F61ABD80044041A /* Build configuration list for PBXNativeTarget "PHPConectionWithPostDataSpikeTests" */;
			buildPhases = (
				916B1D171F61ABD80044041A /* Sources */,
				916B1D181F61ABD80044041A /* Frameworks */,
				916B1D191F61ABD80044041A /* Resources */,
			);
			buildRules = (
			);
			dependencies = (
				916B1D1D1F61ABD80044041A /* PBXTargetDependency */,
			);
			name = PHPConectionWithPostDataSpikeTests;
			productName = PHPConectionWithPostDataSpikeTests;
			productReference = 916B1D1B1F61ABD80044041A /* PHPConectionWithPostDataSpikeTests.xctest */;
			productType = "com.apple.product-type.bundle.unit-test";
		};
/* End PBXNativeTarget section */

/* Begin PBXProject section */
		916B1CFC1F61ABD70044041A /* Project object */ = {
			isa = PBXProject;
			attributes = {
				LastSwiftUpdateCheck = 0830;
				LastUpgradeCheck = 0830;
				ORGANIZATIONNAME = "Doug Williams";
				TargetAttributes = {
					916B1D031F61ABD70044041A = {
						CreatedOnToolsVersion = 8.3.3;
						DevelopmentTeam = TPH847K7QD;
						ProvisioningStyle = Automatic;
					};
					916B1D1A1F61ABD80044041A = {
						CreatedOnToolsVersion = 8.3.3;
						DevelopmentTeam = TPH847K7QD;
						ProvisioningStyle = Automatic;
						TestTargetID = 916B1D031F61ABD70044041A;
					};
				};
			};
			buildConfigurationList = 916B1CFF1F61ABD70044041A /* Build configuration list for PBXProject "PHPConectionWithPostDataSpike" */;
			compatibilityVersion = "Xcode 3.2";
			developmentRegion = English;
			hasScannedForEncodings = 0;
			knownRegions = (
				en,
				Base,
			);
			mainGroup = 916B1CFB1F61ABD70044041A;
			productRefGroup = 916B1D051F61ABD70044041A /* Products */;
			projectDirPath = "";
			projectRoot = "";
			targets = (
				916B1D031F61ABD70044041A /* PHPConectionWithPostDataSpike */,
				916B1D1A1F61ABD80044041A /* PHPConectionWithPostDataSpikeTests */,
			);
		};
/* End PBXProject section */

/* Begin PBXResourcesBuildPhase section */
		916B1D021F61ABD70044041A /* Resources */ = {
			isa = PBXResourcesBuildPhase;
			buildActionMask = 2147483647;
			files = (
				916B1D151F61ABD70044041A /* LaunchScreen.storyboard in Resources */,
				916B1D121F61ABD70044041A /* Assets.xcassets in Resources */,
				916B1D0D1F61ABD70044041A /* Main.storyboard in Resources */,
			);
			runOnlyForDeploymentPostprocessing = 0;
		};
		916B1D191F61ABD80044041A /* Resources */ = {
			isa = PBXResourcesBuildPhase;
			buildActionMask = 2147483647;
			files = (
			);
			runOnlyForDeploymentPostprocessing = 0;
		};
/* End PBXResourcesBuildPhase section */

/* Begin PBXSourcesBuildPhase section */
		916B1D001F61ABD70044041A /* Sources */ = {
			isa = PBXSourcesBuildPhase;
			buildActionMask = 2147483647;
			files = (
				916B1D0A1F61ABD70044041A /* ViewController.swift in Sources */,
				916B1D081F61ABD70044041A /* AppDelegate.swift in Sources */,
				916B1D101F61ABD70044041A /* PHPConectionWithPostDataSpike.xcdatamodeld in Sources */,
				916B1D2B1F61AC4C0044041A /* DatabaseHandler.swift in Sources */,
			);
			runOnlyForDeploymentPostprocessing = 0;
		};
		916B1D171F61ABD80044041A /* Sources */ = {
			isa = PBXSourcesBuildPhase;
			buildActionMask = 2147483647;
			files = (
				916B1D201F61ABD80044041A /* PHPConectionWithPostDataSpikeTests.swift in Sources */,
			);
			runOnlyForDeploymentPostprocessing = 0;
		};
/* End PBXSourcesBuildPhase section */

/* Begin PBXTargetDependency section */
		916B1D1D1F61ABD80044041A /* PBXTargetDependency */ = {
			isa = PBXTargetDependency;
			target = 916B1D031F61ABD70044041A /* PHPConectionWithPostDataSpike */;
			targetProxy = 916B1D1C1F61ABD80044041A /* PBXContainerItemProxy */;
		};
/* End PBXTargetDependency section */

/* Begin PBXVariantGroup section */
		916B1D0B1F61ABD70044041A /* Main.storyboard */ = {
			isa = PBXVariantGroup;
			children = (
				916B1D0C1F61ABD70044041A /* Base */,
			);
			name = Main.storyboard;
			sourceTree = "<group>";
		};
		916B1D131F61ABD70044041A /* LaunchScreen.storyboard */ = {
			isa = PBXVariantGroup;
			children = (
				916B1D141F61ABD70044041A /* Base */,
			);
			name = LaunchScreen.storyboard;
			sourceTree = "<group>";
		};
/* End PBXVariantGroup section */

/* Begin XCBuildConfiguration section */
		916B1D221F61ABD80044041A /* Debug */ = {
			isa = XCBuildConfiguration;
			buildSettings = {
				ALWAYS_SEARCH_USER_PATHS = NO;
				CLANG_ANALYZER_NONNULL = YES;
				CLANG_ANALYZER_NUMBER_OBJECT_CONVERSION = YES_AGGRESSIVE;
				CLANG_CXX_LANGUAGE_STANDARD = "gnu++0x";
				CLANG_CXX_LIBRARY = "libc++";
				CLANG_ENABLE_MODULES = YES;
				CLANG_ENABLE_OBJC_ARC = YES;
				CLANG_WARN_BOOL_CONVERSION = YES;
				CLANG_WARN_CONSTANT_CONVERSION = YES;
				CLANG_WARN_DIRECT_OBJC_ISA_USAGE = YES_ERROR;
				CLANG_WARN_DOCUMENTATION_COMMENTS = YES;
				CLANG_WARN_EMPTY_BODY = YES;
				CLANG_WARN_ENUM_CONVERSION = YES;
				CLANG_WARN_INFINITE_RECURSION = YES;
				CLANG_WARN_INT_CONVERSION = YES;
				CLANG_WARN_OBJC_ROOT_CLASS = YES_ERROR;
				CLANG_WARN_SUSPICIOUS_MOVE = YES;
				CLANG_WARN_UNREACHABLE_CODE = YES;
				CLANG_WARN__DUPLICATE_METHOD_MATCH = YES;
				"CODE_SIGN_IDENTITY[sdk=iphoneos*]" = "iPhone Developer";
				COPY_PHASE_STRIP = NO;
				DEBUG_INFORMATION_FORMAT = dwarf;
				ENABLE_STRICT_OBJC_MSGSEND = YES;
				ENABLE_TESTABILITY = YES;
				GCC_C_LANGUAGE_STANDARD = gnu99;
				GCC_DYNAMIC_NO_PIC = NO;
				GCC_NO_COMMON_BLOCKS = YES;
				GCC_OPTIMIZATION_LEVEL = 0;
				GCC_PREPROCESSOR_DEFINITIONS = (
					"DEBUG=1",
					"$(inherited)",
				);
				GCC_WARN_64_TO_32_BIT_CONVERSION = YES;
				GCC_WARN_ABOUT_RETURN_TYPE = YES_ERROR;
				GCC_WARN_UNDECLARED_SELECTOR = YES;
				GCC_WARN_UNINITIALIZED_AUTOS = YES_AGGRESSIVE;
				GCC_WARN_UNUSED_FUNCTION = YES;
				GCC_WARN_UNUSED_VARIABLE = YES;
				IPHONEOS_DEPLOYMENT_TARGET = 10.3;
				MTL_ENABLE_DEBUG_INFO = YES;
				ONLY_ACTIVE_ARCH = YES;
				SDKROOT = iphoneos;
				SWIFT_ACTIVE_COMPILATION_CONDITIONS = DEBUG;
				SWIFT_OPTIMIZATION_LEVEL = "-Onone";
			};
			name = Debug;
		};
		916B1D231F61ABD80044041A /* Release */ = {
			isa = XCBuildConfiguration;
			buildSettings = {
				ALWAYS_SEARCH_USER_PATHS = NO;
				CLANG_ANALYZER_NONNULL = YES;
				CLANG_ANALYZER_NUMBER_OBJECT_CONVERSION = YES_AGGRESSIVE;
				CLANG_CXX_LANGUAGE_STANDARD = "gnu++0x";
				CLANG_CXX_LIBRARY = "libc++";
				CLANG_ENABLE_MODULES = YES;
				CLANG_ENABLE_OBJC_ARC = YES;
				CLANG_WARN_BOOL_CONVERSION = YES;
				CLANG_WARN_CONSTANT_CONVERSION = YES;
				CLANG_WARN_DIRECT_OBJC_ISA_USAGE = YES_ERROR;
				CLANG_WARN_DOCUMENTATION_COMMENTS = YES;
				CLANG_WARN_EMPTY_BODY = YES;
				CLANG_WARN_ENUM_CONVERSION = YES;
				CLANG_WARN_INFINITE_RECURSION = YES;
				CLANG_WARN_INT_CONVERSION = YES;
				CLANG_WARN_OBJC_ROOT_CLASS = YES_ERROR;
				CLANG_WARN_SUSPICIOUS_MOVE = YES;
				CLANG_WARN_UNREACHABLE_CODE = YES;
				CLANG_WARN__DUPLICATE_METHOD_MATCH = YES;
				"CODE_SIGN_IDENTITY[sdk=iphoneos*]" = "iPhone Developer";
				COPY_PHASE_STRIP = NO;
				DEBUG_INFORMATION_FORMAT = "dwarf-with-dsym";
				ENABLE_NS_ASSERTIONS = NO;
				ENABLE_STRICT_OBJC_MSGSEND = YES;
				GCC_C_LANGUAGE_STANDARD = gnu99;
				GCC_NO_COMMON_BLOCKS = YES;
				GCC_WARN_64_TO_32_BIT_CONVERSION = YES;
				GCC_WARN_ABOUT_RETURN_TYPE = YES_ERROR;
				GCC_WARN_UNDECLARED_SELECTOR = YES;
				GCC_WARN_UNINITIALIZED_AUTOS = YES_AGGRESSIVE;
				GCC_WARN_UNUSED_FUNCTION = YES;
				GCC_WARN_UNUSED_VARIABLE = YES;
				IPHONEOS_DEPLOYMENT_TARGET = 10.3;
				MTL_ENABLE_DEBUG_INFO = NO;
				SDKROOT = iphoneos;
				SWIFT_OPTIMIZATION_LEVEL = "-Owholemodule";
				VALIDATE_PRODUCT = YES;
			};
			name = Release;
		};
		916B1D251F61ABD80044041A /* Debug */ = {
			isa = XCBuildConfiguration;
			buildSettings = {
				ASSETCATALOG_COMPILER_APPICON_NAME = AppIcon;
				DEVELOPMENT_TEAM = TPH847K7QD;
				INFOPLIST_FILE = PHPConectionWithPostDataSpike/Info.plist;
				LD_RUNPATH_SEARCH_PATHS = "$(inherited) @executable_path/Frameworks";
				PRODUCT_BUNDLE_IDENTIFIER = com.dlw.historical.quizzes.PHPConectionWithPostDataSpike;
				PRODUCT_NAME = "$(TARGET_NAME)";
				SWIFT_VERSION = 3.0;
			};
			name = Debug;
		};
		916B1D261F61ABD80044041A /* Release */ = {
			isa = XCBuildConfiguration;
			buildSettings = {
				ASSETCATALOG_COMPILER_APPICON_NAME = AppIcon;
				DEVELOPMENT_TEAM = TPH847K7QD;
				INFOPLIST_FILE = PHPConectionWithPostDataSpike/Info.plist;
				LD_RUNPATH_SEARCH_PATHS = "$(inherited) @executable_path/Frameworks";
				PRODUCT_BUNDLE_IDENTIFIER = com.dlw.historical.quizzes.PHPConectionWithPostDataSpike;
				PRODUCT_NAME = "$(TARGET_NAME)";
				SWIFT_VERSION = 3.0;
			};
			name = Release;
		};
		916B1D281F61ABD80044041A /* Debug */ = {
			isa = XCBuildConfiguration;
			buildSettings = {
				ALWAYS_EMBED_SWIFT_STANDARD_LIBRARIES = YES;
				BUNDLE_LOADER = "$(TEST_HOST)";
				DEVELOPMENT_TEAM = TPH847K7QD;
				INFOPLIST_FILE = PHPConectionWithPostDataSpikeTests/Info.plist;
				LD_RUNPATH_SEARCH_PATHS = "$(inherited) @executable_path/Frameworks @loader_path/Frameworks";
				PRODUCT_BUNDLE_IDENTIFIER = com.dlw.historical.quizzes.PHPConectionWithPostDataSpikeTests;
				PRODUCT_NAME = "$(TARGET_NAME)";
				SWIFT_VERSION = 3.0;
				TEST_HOST = "$(BUILT_PRODUCTS_DIR)/PHPConectionWithPostDataSpike.app/PHPConectionWithPostDataSpike";
			};
			name = Debug;
		};
		916B1D291F61ABD80044041A /* Release */ = {
			isa = XCBuildConfiguration;
			buildSettings = {
				ALWAYS_EMBED_SWIFT_STANDARD_LIBRARIES = YES;
				BUNDLE_LOADER = "$(TEST_HOST)";
				DEVELOPMENT_TEAM = TPH847K7QD;
				INFOPLIST_FILE = PHPConectionWithPostDataSpikeTests/Info.plist;
				LD_RUNPATH_SEARCH_PATHS = "$(inherited) @executable_path/Frameworks @loader_path/Frameworks";
				PRODUCT_BUNDLE_IDENTIFIER = com.dlw.historical.quizzes.PHPConectionWithPostDataSpikeTests;
				PRODUCT_NAME = "$(TARGET_NAME)";
				SWIFT_VERSION = 3.0;
				TEST_HOST = "$(BUILT_PRODUCTS_DIR)/PHPConectionWithPostDataSpike.app/PHPConectionWithPostDataSpike";
			};
			name = Release;
		};
/* End XCBuildConfiguration section */

/* Begin XCConfigurationList section */
		916B1CFF1F61ABD70044041A /* Build configuration list for PBXProject "PHPConectionWithPostDataSpike" */ = {
			isa = XCConfigurationList;
			buildConfigurations = (
				916B1D221F61ABD80044041A /* Debug */,
				916B1D231F61ABD80044041A /* Release */,
			);
			defaultConfigurationIsVisible = 0;
			defaultConfigurationName = Release;
		};
		916B1D241F61ABD80044041A /* Build configuration list for PBXNativeTarget "PHPConectionWithPostDataSpike" */ = {
			isa = XCConfigurationList;
			buildConfigurations = (
				916B1D251F61ABD80044041A /* Debug */,
				916B1D261F61ABD80044041A /* Release */,
			);
			defaultConfigurationIsVisible = 0;
		};
		916B1D271F61ABD80044041A /* Build configuration list for PBXNativeTarget "PHPConectionWithPostDataSpikeTests" */ = {
			isa = XCConfigurationList;
			buildConfigurations = (
				916B1D281F61ABD80044041A /* Debug */,
				916B1D291F61ABD80044041A /* Release */,
			);
			defaultConfigurationIsVisible = 0;
		};
/* End XCConfigurationList section */

/* Begin XCVersionGroup section */
		916B1D0E1F61ABD70044041A /* PHPConectionWithPostDataSpike.xcdatamodeld */ = {
			isa = XCVersionGroup;
			children = (
				916B1D0F1F61ABD70044041A /* PHPConectionWithPostDataSpike.xcdatamodel */,
			);
			currentVersion = 916B1D0F1F61ABD70044041A /* PHPConectionWithPostDataSpike.xcdatamodel */;
			path = PHPConectionWithPostDataSpike.xcdatamodeld;
			sourceTree = "<group>";
			versionGroupType = wrapper.xcdatamodel;
		};
/* End XCVersionGroup section */
	};
	rootObject = 916B1CFC1F61ABD70044041A /* Project object */;
}
